
Microsoft Visual Studio Solution File, Format Version 12.00
# Visual Studio 15
VisualStudioVersion = 15.0.27703.2026
MinimumVisualStudioVersion = 10.0.40219.1
Project("{FAE04EC0-301F-11D3-BF4B-00C04F79EFBC}") = "WpfApp3", "WpfApp3\WpfApp3.csproj", "{0AC0AEED-923C-40FC-9CEA-055BED0FA38D}"
EndProject
Global
	GlobalSection(SolutionConfigurationPlatforms) = preSolution
		Debug|Any CPU = Debug|Any CPU
		Release|Any CPU = Release|Any CPU
	EndGlobalSection
	GlobalSection(ProjectConfigurationPlatforms) = postSolution
		{0AC0AEED-923C-40FC-9CEA-055BED0FA38D}.Debug|Any CPU.ActiveCfg = Debug|Any CPU
		{0AC0AEED-923C-40FC-9CEA-055BED0FA38D}.Debug|Any CPU.Build.0 = Debug|Any CPU
		{0AC0AEED-923C-40FC-9CEA-055BED0FA38D}.Release|Any CPU.ActiveCfg = Release|Any CPU
		{0AC0AEED-923C-40FC-9CEA-055BED0FA38D}.Release|Any CPU.Build.0 = Release|Any CPU
	EndGlobalSection
	GlobalSection(SolutionProperties) = preSolution
		HideSolutionNode = FALSE
	EndGlobalSection
	GlobalSection(ExtensibilityGlobals) = postSolution
		SolutionGuid = {6F22256B-EE78-407C-92E0-6A793B82CD4D}
	EndGlobalSection
EndGlobal
